{
  "name": "advance-calculator2",
  "lockfileVersion": 2,
  "requires": true,
  "packages": {
    "": {
      "dependencies": {
        "math-expression-evaluator": "^2.0.3"
      }
    },
    "node_modules/math-expression-evaluator": {
      "version": "2.0.3",
      "resolved": "https://registry.npmjs.org/math-expression-evaluator/-/math-expression-evaluator-2.0.3.tgz",
      "integrity": "sha512-sAuxMtmCVjVnp70mT1kDHdVpiVSQtpLP4crI67wvJfoOfSSB2CBpQ9MtYtEhZL87lVnFviKK2d/sSfgOCKQ+mg=="
    }
  },
  "dependencies": {
    "math-expression-evaluator": {
      "version": "2.0.3",
      "resolved": "https://registry.npmjs.org/math-expression-evaluator/-/math-expression-evaluator-2.0.3.tgz",
      "integrity": "sha512-sAuxMtmCVjVnp70mT1kDHdVpiVSQtpLP4crI67wvJfoOfSSB2CBpQ9MtYtEhZL87lVnFviKK2d/sSfgOCKQ+mg=="
    }
  }
}
